PODS:
  - Flutter (1.0.0)
  - integration_test (0.0.1):
    - Flutter
  - singbox_mm (0.1.0):
    - Flutter

DEPENDENCIES:
  - Flutter (from `Flutter`)
  - integration_test (from `.symlinks/plugins/integration_test/ios`)
  - singbox_mm (from `.symlinks/plugins/singbox_mm/ios`)

EXTERNAL SOURCES:
  Flutter:
    :path: Flutter
  integration_test:
    :path: ".symlinks/plugins/integration_test/ios"
  singbox_mm:
    :path: ".symlinks/plugins/singbox_mm/ios"

SPEC CHECKSUMS:
  Flutter: cabc95a1d2626b1b06e7179b784ebcf0c0cde467
  integration_test: 4a889634ef21a45d28d50d622cf412dc6d9f586e
  singbox_mm: fd8deb29b1446685b4046ed4771eab6259e6c161

PODFILE CHECKSUM: 3c63482e143d1b91d2d2560aee9fb04ecc74ac7e

COCOAPODS: 1.16.2
